// !$*UTF8*$!
{
	archiveVersion = 1;
	classes = {
	};
	objectVersion = 50;
	objects = {

/* Begin PBXBuildFile section */
		29F994EB240DFC450043F680 /* AppDelegate.swift in Sources */ = {isa = PBXBuildFile; fileRef = 29F994EA240DFC450043F680 /* AppDelegate.swift */; };
		29F994ED240DFC450043F680 /* SceneDelegate.swift in Sources */ = {isa = PBXBuildFile; fileRef = 29F994EC240DFC450043F680 /* SceneDelegate.swift */; };
		29F994EF240DFC450043F680 /* ViewController.swift in Sources */ = {isa = PBXBuildFile; fileRef = 29F994EE240DFC450043F680 /* ViewController.swift */; };
		29F994F2240DFC450043F680 /* Main.storyboard in Resources */ = {isa = PBXBuildFile; fileRef = 29F994F0240DFC450043F680 /* Main.storyboard */; };
		29F994F4240DFC480043F680 /* Assets.xcassets in Resources */ = {isa = PBXBuildFile; fileRef = 29F994F3240DFC480043F680 /* Assets.xcassets */; };
		29F994F7240DFC480043F680 /* LaunchScreen.storyboard in Resources */ = {isa = PBXBuildFile; fileRef = 29F994F5240DFC480043F680 /* LaunchScreen.storyboard */; };
		29F99502240DFC490043F680 /* instaTests.swift in Sources */ = {isa = PBXBuildFile; fileRef = 29F99501240DFC490043F680 /* instaTests.swift */; };
		29F9950D240DFC490043F680 /* instaUITests.swift in Sources */ = {isa = PBXBuildFile; fileRef = 29F9950C240DFC490043F680 /* instaUITests.swift */; };
/* End PBXBuildFile section */

/* Begin PBXContainerItemProxy section */
		29F994FE240DFC490043F680 /* PBXContainerItemProxy */ = {
			isa = PBXContainerItemProxy;
			containerPortal = 29F994DF240DFC450043F680 /* Project object */;
			proxyType = 1;
			remoteGlobalIDString = 29F994E6240DFC450043F680;
			remoteInfo = insta;
		};
		29F99509240DFC490043F680 /* PBXContainerItemProxy */ = {
			isa = PBXContainerItemProxy;
			containerPortal = 29F994DF240DFC450043F680 /* Project object */;
			proxyType = 1;
			remoteGlobalIDString = 29F994E6240DFC450043F680;
			remoteInfo = insta;
		};
/* End PBXContainerItemProxy section */

/* Begin PBXFileReference section */
		29F994E7240DFC450043F680 /* insta.app */ = {isa = PBXFileReference; explicitFileType = wrapper.application; includeInIndex = 0; path = insta.app; sourceTree = BUILT_PRODUCTS_DIR; };
		29F994EA240DFC450043F680 /* AppDelegate.swift */ = {isa = PBXFileReference; lastKnownFileType = sourcecode.swift; path = AppDelegate.swift; sourceTree = "<group>"; };
		29F994EC240DFC450043F680 /* SceneDelegate.swift */ = {isa = PBXFileReference; lastKnownFileType = sourcecode.swift; path = SceneDelegate.swift; sourceTree = "<group>"; };
		29F994EE240DFC450043F680 /* ViewController.swift */ = {isa = PBXFileReference; lastKnownFileType = sourcecode.swift; path = ViewController.swift; sourceTree = "<group>"; };
		29F994F1240DFC450043F680 /* Base */ = {isa = PBXFileReference; lastKnownFileType = file.storyboard; name = Base; path = Base.lproj/Main.storyboard; sourceTree = "<group>"; };
		29F994F3240DFC480043F680 /* Assets.xcassets */ = {isa = PBXFileReference; lastKnownFileType = folder.assetcatalog; path = Assets.xcassets; sourceTree = "<group>"; };
		29F994F6240DFC480043F680 /* Base */ = {isa = PBXFileReference; lastKnownFileType = file.storyboard; name = Base; path = Base.lproj/LaunchScreen.storyboard; sourceTree = "<group>"; };
		29F994F8240DFC480043F680 /* Info.plist */ = {isa = PBXFileReference; lastKnownFileType = text.plist.xml; path = Info.plist; sourceTree = "<group>"; };
		29F994FD240DFC490043F680 /* instaTests.xctest */ = {isa = PBXFileReference; explicitFileType = wrapper.cfbundle; includeInIndex = 0; path = instaTests.xctest; sourceTree = BUILT_PRODUCTS_DIR; };
		29F99501240DFC490043F680 /* instaTests.swift */ = {isa = PBXFileReference; lastKnownFileType = sourcecode.swift; path = instaTests.swift; sourceTree = "<group>"; };
		29F99503240DFC490043F680 /* Info.plist */ = {isa = PBXFileReference; lastKnownFileType = text.plist.xml; path = Info.plist; sourceTree = "<group>"; };
		29F99508240DFC490043F680 /* instaUITests.xctest */ = {isa = PBXFileReference; explicitFileType = wrapper.cfbundle; includeInIndex = 0; path = instaUITests.xctest; sourceTree = BUILT_PRODUCTS_DIR; };
		29F9950C240DFC490043F680 /* instaUITests.swift */ = {isa = PBXFileReference; lastKnownFileType = sourcecode.swift; path = instaUITests.swift; sourceTree = "<group>"; };
		29F9950E240DFC490043F680 /* Info.plist */ = {isa = PBXFileReference; lastKnownFileType = text.plist.xml; path = Info.plist; sourceTree = "<group>"; };
/* End PBXFileReference section */

/* Begin PBXFrameworksBuildPhase section */
		29F994E4240DFC450043F680 /* Frameworks */ = {
			isa = PBXFrameworksBuildPhase;
			buildActionMask = 2147483647;
			files = (
			);
			runOnlyForDeploymentPostprocessing = 0;
		};
		29F994FA240DFC490043F680 /* Frameworks */ = {
			isa = PBXFrameworksBuildPhase;
			buildActionMask = 2147483647;
			files = (
			);
			runOnlyForDeploymentPostprocessing = 0;
		};
		29F99505240DFC490043F680 /* Frameworks */ = {
			isa = PBXFrameworksBuildPhase;
			buildActionMask = 2147483647;
			files = (
			);
			runOnlyForDeploymentPostprocessing = 0;
		};
/* End PBXFrameworksBuildPhase section */

/* Begin PBXGroup section */
		29F994DE240DFC450043F680 = {
			isa = PBXGroup;
			children = (
				29F994E9240DFC450043F680 /* insta */,
				29F99500240DFC490043F680 /* instaTests */,
				29F9950B240DFC490043F680 /* instaUITests */,
				29F994E8240DFC450043F680 /* Products */,
			);
			sourceTree = "<group>";
		};
		29F994E8240DFC450043F680 /* Products */ = {
			isa = PBXGroup;
			children = (
				29F994E7240DFC450043F680 /* insta.app */,
				29F994FD240DFC490043F680 /* instaTests.xctest */,
				29F99508240DFC490043F680 /* instaUITests.xctest */,
			);
			name = Products;
			sourceTree = "<group>";
		};
		29F994E9240DFC450043F680 /* insta */ = {
			isa = PBXGroup;
			children = (
				29F994EA240DFC450043F680 /* AppDelegate.swift */,
				29F994EC240DFC450043F680 /* SceneDelegate.swift */,
				29F994EE240DFC450043F680 /* ViewController.swift */,
				29F994F0240DFC450043F680 /* Main.storyboard */,
				29F994F3240DFC480043F680 /* Assets.xcassets */,
				29F994F5240DFC480043F680 /* LaunchScreen.storyboard */,
				29F994F8240DFC480043F680 /* Info.plist */,
			);
			path = insta;
			sourceTree = "<group>";
		};
		29F99500240DFC490043F680 /* instaTests */ = {
			isa = PBXGroup;
			children = (
				29F99501240DFC490043F680 /* instaTests.swift */,
				29F99503240DFC490043F680 /* Info.plist */,
			);
			path = instaTests;
			sourceTree = "<group>";
		};
		29F9950B240DFC490043F680 /* instaUITests */ = {
			isa = PBXGroup;
			children = (
				29F9950C240DFC490043F680 /* instaUITests.swift */,
				29F9950E240DFC490043F680 /* Info.plist */,
			);
			path = instaUITests;
			sourceTree = "<group>";
		};
/* End PBXGroup section */

/* Begin PBXNativeTarget section */
		29F994E6240DFC450043F680 /* insta */ = {
			isa = PBXNativeTarget;
			buildConfigurationList = 29F99511240DFC490043F680 /* Build configuration list for PBXNativeTarget "insta" */;
			buildPhases = (
				29F994E3240DFC450043F680 /* Sources */,
				29F994E4240DFC450043F680 /* Frameworks */,
				29F994E5240DFC450043F680 /* Resources */,
			);
			buildRules = (
			);
			dependencies = (
			);
			name = insta;
			productName = insta;
			productReference = 29F994E7240DFC450043F680 /* insta.app */;
			productType = "com.apple.product-type.application";
		};
		29F994FC240DFC490043F680 /* instaTests */ = {
			isa = PBXNativeTarget;
			buildConfigurationList = 29F99514240DFC490043F680 /* Build configuration list for PBXNativeTarget "instaTests" */;
			buildPhases = (
				29F994F9240DFC490043F680 /* Sources */,
				29F994FA240DFC490043F680 /* Frameworks */,
				29F994FB240DFC490043F680 /* Resources */,
			);
			buildRules = (
			);
			dependencies = (
				29F994FF240DFC490043F680 /* PBXTargetDependency */,
			);
			name = instaTests;
			productName = instaTests;
			productReference = 29F994FD240DFC490043F680 /* instaTests.xctest */;
			productType = "com.apple.product-type.bundle.unit-test";
		};
		29F99507240DFC490043F680 /* instaUITests */ = {
			isa = PBXNativeTarget;
			buildConfigurationList = 29F99517240DFC490043F680 /* Build configuration list for PBXNativeTarget "instaUITests" */;
			buildPhases = (
				29F99504240DFC490043F680 /* Sources */,
				29F99505240DFC490043F680 /* Frameworks */,
				29F99506240DFC490043F680 /* Resources */,
			);
			buildRules = (
			);
			dependencies = (
				29F9950A240DFC490043F680 /* PBXTargetDependency */,
			);
			name = instaUITests;
			productName = instaUITests;
			productReference = 29F99508240DFC490043F680 /* instaUITests.xctest */;
			productType = "com.apple.product-type.bundle.ui-testing";
		};
/* End PBXNativeTarget section */

/* Begin PBXProject section */
		29F994DF240DFC450043F680 /* Project object */ = {
			isa = PBXProject;
			attributes = {
				LastSwiftUpdateCheck = 1130;
				LastUpgradeCheck = 1130;
				ORGANIZATIONNAME = "Jasmine Marealle";
				TargetAttributes = {
					29F994E6240DFC450043F680 = {
						CreatedOnToolsVersion = 11.3.1;
					};
					29F994FC240DFC490043F680 = {
						CreatedOnToolsVersion = 11.3.1;
						TestTargetID = 29F994E6240DFC450043F680;
					};
					29F99507240DFC490043F680 = {
						CreatedOnToolsVersion = 11.3.1;
						TestTargetID = 29F994E6240DFC450043F680;
					};
				};
			};
			buildConfigurationList = 29F994E2240DFC450043F680 /* Build configuration list for PBXProject "insta" */;
			compatibilityVersion = "Xcode 9.3";
			developmentRegion = en;
			hasScannedForEncodings = 0;
			knownRegions = (
				en,
				Base,
			);
			mainGroup = 29F994DE240DFC450043F680;
			productRefGroup = 29F994E8240DFC450043F680 /* Products */;
			projectDirPath = "";
			projectRoot = "";
			targets = (
				29F994E6240DFC450043F680 /* insta */,
				29F994FC240DFC490043F680 /* instaTests */,
				29F99507240DFC490043F680 /* instaUITests */,
			);
		};
/* End PBXProject section */

/* Begin PBXResourcesBuildPhase section */
		29F994E5240DFC450043F680 /* Resources */ = {
			isa = PBXResourcesBuildPhase;
			buildActionMask = 2147483647;
			files = (
				29F994F7240DFC480043F680 /* LaunchScreen.storyboard in Resources */,
				29F994F4240DFC480043F680 /* Assets.xcassets in Resources */,
				29F994F2240DFC450043F680 /* Main.storyboard in Resources */,
			);
			runOnlyForDeploymentPostprocessing = 0;
		};
		29F994FB240DFC490043F680 /* Resources */ = {
			isa = PBXResourcesBuildPhase;
			buildActionMask = 2147483647;
			files = (
			);
			runOnlyForDeploymentPostprocessing = 0;
		};
		29F99506240DFC490043F680 /* Resources */ = {
			isa = PBXResourcesBuildPhase;
			buildActionMask = 2147483647;
			files = (
			);
			runOnlyForDeploymentPostprocessing = 0;
		};
/* End PBXResourcesBuildPhase section */

/* Begin PBXSourcesBuildPhase section */
		29F994E3240DFC450043F680 /* Sources */ = {
			isa = PBXSourcesBuildPhase;
			buildActionMask = 2147483647;
			files = (
				29F994EF240DFC450043F680 /* ViewController.swift in Sources */,
				29F994EB240DFC450043F680 /* AppDelegate.swift in Sources */,
				29F994ED240DFC450043F680 /* SceneDelegate.swift in Sources */,
			);
			runOnlyForDeploymentPostprocessing = 0;
		};
		29F994F9240DFC490043F680 /* Sources */ = {
			isa = PBXSourcesBuildPhase;
			buildActionMask = 2147483647;
			files = (
				29F99502240DFC490043F680 /* instaTests.swift in Sources */,
			);
			runOnlyForDeploymentPostprocessing = 0;
		};
		29F99504240DFC490043F680 /* Sources */ = {
			isa = PBXSourcesBuildPhase;
			buildActionMask = 2147483647;
			files = (
				29F9950D240DFC490043F680 /* instaUITests.swift in Sources */,
			);
			runOnlyForDeploymentPostprocessing = 0;
		};
/* End PBXSourcesBuildPhase section */

/* Begin PBXTargetDependency section */
		29F994FF240DFC490043F680 /* PBXTargetDependency */ = {
			isa = PBXTargetDependency;
			target = 29F994E6240DFC450043F680 /* insta */;
			targetProxy = 29F994FE240DFC490043F680 /* PBXContainerItemProxy */;
		};
		29F9950A240DFC490043F680 /* PBXTargetDependency */ = {
			isa = PBXTargetDependency;
			target = 29F994E6240DFC450043F680 /* insta */;
			targetProxy = 29F99509240DFC490043F680 /* PBXContainerItemProxy */;
		};
/* End PBXTargetDependency section */

/* Begin PBXVariantGroup section */
		29F994F0240DFC450043F680 /* Main.storyboard */ = {
			isa = PBXVariantGroup;
			children = (
				29F994F1240DFC450043F680 /* Base */,
			);
			name = Main.storyboard;
			sourceTree = "<group>";
		};
		29F994F5240DFC480043F680 /* LaunchScreen.storyboard */ = {
			isa = PBXVariantGroup;
			children = (
				29F994F6240DFC480043F680 /* Base */,
			);
			name = LaunchScreen.storyboard;
			sourceTree = "<group>";
		};
/* End PBXVariantGroup section */

/* Begin XCBuildConfiguration section */
		29F9950F240DFC490043F680 /* Debug */ = {
			isa = XCBuildConfiguration;
			buildSettings = {
				ALWAYS_SEARCH_USER_PATHS = NO;
				CLANG_ANALYZER_NONNULL = YES;
				CLANG_ANALYZER_NUMBER_OBJECT_CONVERSION = YES_AGGRESSIVE;
				CLANG_CXX_LANGUAGE_STANDARD = "gnu++14";
				CLANG_CXX_LIBRARY = "libc++";
				CLANG_ENABLE_MODULES = YES;
				CLANG_ENABLE_OBJC_ARC = YES;
				CLANG_ENABLE_OBJC_WEAK = YES;
				CLANG_WARN_BLOCK_CAPTURE_AUTORELEASING = YES;
				CLANG_WARN_BOOL_CONVERSION = YES;
				CLANG_WARN_COMMA = YES;
				CLANG_WARN_CONSTANT_CONVERSION = YES;
				CLANG_WARN_DEPRECATED_OBJC_IMPLEMENTATIONS = YES;
				CLANG_WARN_DIRECT_OBJC_ISA_USAGE = YES_ERROR;
				CLANG_WARN_DOCUMENTATION_COMMENTS = YES;
				CLANG_WARN_EMPTY_BODY = YES;
				CLANG_WARN_ENUM_CONVERSION = YES;
				CLANG_WARN_INFINITE_RECURSION = YES;
				CLANG_WARN_INT_CONVERSION = YES;
				CLANG_WARN_NON_LITERAL_NULL_CONVERSION = YES;
				CLANG_WARN_OBJC_IMPLICIT_RETAIN_SELF = YES;
				CLANG_WARN_OBJC_LITERAL_CONVERSION = YES;
				CLANG_WARN_OBJC_ROOT_CLASS = YES_ERROR;
				CLANG_WARN_RANGE_LOOP_ANALYSIS = YES;
				CLANG_WARN_STRICT_PROTOTYPES = YES;
				CLANG_WARN_SUSPICIOUS_MOVE = YES;
				CLANG_WARN_UNGUARDED_AVAILABILITY = YES_AGGRESSIVE;
				CLANG_WARN_UNREACHABLE_CODE = YES;
				CLANG_WARN__DUPLICATE_METHOD_MATCH = YES;
				COPY_PHASE_STRIP = NO;
				DEBUG_INFORMATION_FORMAT = dwarf;
				ENABLE_STRICT_OBJC_MSGSEND = YES;
				ENABLE_TESTABILITY = YES;
				GCC_C_LANGUAGE_STANDARD = gnu11;
				GCC_DYNAMIC_NO_PIC = NO;
				GCC_NO_COMMON_BLOCKS = YES;
				GCC_OPTIMIZATION_LEVEL = 0;
				GCC_PREPROCESSOR_DEFINITIONS = (
					"DEBUG=1",
					"$(inherited)",
				);
				GCC_WARN_64_TO_32_BIT_CONVERSION = YES;
				GCC_WARN_ABOUT_RETURN_TYPE = YES_ERROR;
				GCC_WARN_UNDECLARED_SELECTOR = YES;
				GCC_WARN_UNINITIALIZED_AUTOS = YES_AGGRESSIVE;
				GCC_WARN_UNUSED_FUNCTION = YES;
				GCC_WARN_UNUSED_VARIABLE = YES;
				IPHONEOS_DEPLOYMENT_TARGET = 13.2;
				MTL_ENABLE_DEBUG_INFO = INCLUDE_SOURCE;
				MTL_FAST_MATH = YES;
				ONLY_ACTIVE_ARCH = YES;
				SDKROOT = iphoneos;
				SWIFT_ACTIVE_COMPILATION_CONDITIONS = DEBUG;
				SWIFT_OPTIMIZATION_LEVEL = "-Onone";
			};
			name = Debug;
		};
		29F99510240DFC490043F680 /* Release */ = {
			isa = XCBuildConfiguration;
			buildSettings = {
				ALWAYS_SEARCH_USER_PATHS = NO;
				CLANG_ANALYZER_NONNULL = YES;
				CLANG_ANALYZER_NUMBER_OBJECT_CONVERSION = YES_AGGRESSIVE;
				CLANG_CXX_LANGUAGE_STANDARD = "gnu++14";
				CLANG_CXX_LIBRARY = "libc++";
				CLANG_ENABLE_MODULES = YES;
				CLANG_ENABLE_OBJC_ARC = YES;
				CLANG_ENABLE_OBJC_WEAK = YES;
				CLANG_WARN_BLOCK_CAPTURE_AUTORELEASING = YES;
				CLANG_WARN_BOOL_CONVERSION = YES;
				CLANG_WARN_COMMA = YES;
				CLANG_WARN_CONSTANT_CONVERSION = YES;
				CLANG_WARN_DEPRECATED_OBJC_IMPLEMENTATIONS = YES;
				CLANG_WARN_DIRECT_OBJC_ISA_USAGE = YES_ERROR;
				CLANG_WARN_DOCUMENTATION_COMMENTS = YES;
				CLANG_WARN_EMPTY_BODY = YES;
				CLANG_WARN_ENUM_CONVERSION = YES;
				CLANG_WARN_INFINITE_RECURSION = YES;
				CLANG_WARN_INT_CONVERSION = YES;
				CLANG_WARN_NON_LITERAL_NULL_CONVERSION = YES;
				CLANG_WARN_OBJC_IMPLICIT_RETAIN_SELF = YES;
				CLANG_WARN_OBJC_LITERAL_CONVERSION = YES;
				CLANG_WARN_OBJC_ROOT_CLASS = YES_ERROR;
				CLANG_WARN_RANGE_LOOP_ANALYSIS = YES;
				CLANG_WARN_STRICT_PROTOTYPES = YES;
				CLANG_WARN_SUSPICIOUS_MOVE = YES;
				CLANG_WARN_UNGUARDED_AVAILABILITY = YES_AGGRESSIVE;
				CLANG_WARN_UNREACHABLE_CODE = YES;
				CLANG_WARN__DUPLICATE_METHOD_MATCH = YES;
				COPY_PHASE_STRIP = NO;
				DEBUG_INFORMATION_FORMAT = "dwarf-with-dsym";
				ENABLE_NS_ASSERTIONS = NO;
				ENABLE_STRICT_OBJC_MSGSEND = YES;
				GCC_C_LANGUAGE_STANDARD = gnu11;
				GCC_NO_COMMON_BLOCKS = YES;
				GCC_WARN_64_TO_32_BIT_CONVERSION = YES;
				GCC_WARN_ABOUT_RETURN_TYPE = YES_ERROR;
				GCC_WARN_UNDECLARED_SELECTOR = YES;
				GCC_WARN_UNINITIALIZED_AUTOS = YES_AGGRESSIVE;
				GCC_WARN_UNUSED_FUNCTION = YES;
				GCC_WARN_UNUSED_VARIABLE = YES;
				IPHONEOS_DEPLOYMENT_TARGET = 13.2;
				MTL_ENABLE_DEBUG_INFO = NO;
				MTL_FAST_MATH = YES;
				SDKROOT = iphoneos;
				SWIFT_COMPILATION_MODE = wholemodule;
				SWIFT_OPTIMIZATION_LEVEL = "-O";
				VALIDATE_PRODUCT = YES;
			};
			name = Release;
		};
		29F99512240DFC490043F680 /* Debug */ = {
			isa = XCBuildConfiguration;
			buildSettings = {
				ASSETCATALOG_COMPILER_APPICON_NAME = AppIcon;
				CODE_SIGN_STYLE = Automatic;
				INFOPLIST_FILE = insta/Info.plist;
				LD_RUNPATH_SEARCH_PATHS = (
					"$(inherited)",
					"@executable_path/Frameworks",
				);
				PRODUCT_BUNDLE_IDENTIFIER = com.marealle.insta;
				PRODUCT_NAME = "$(TARGET_NAME)";
				SWIFT_VERSION = 5.0;
				TARGETED_DEVICE_FAMILY = "1,2";
			};
			name = Debug;
		};
		29F99513240DFC490043F680 /* Release */ = {
			isa = XCBuildConfiguration;
			buildSettings = {
				ASSETCATALOG_COMPILER_APPICON_NAME = AppIcon;
				CODE_SIGN_STYLE = Automatic;
				INFOPLIST_FILE = insta/Info.plist;
				LD_RUNPATH_SEARCH_PATHS = (
					"$(inherited)",
					"@executable_path/Frameworks",
				);
				PRODUCT_BUNDLE_IDENTIFIER = com.marealle.insta;
				PRODUCT_NAME = "$(TARGET_NAME)";
				SWIFT_VERSION = 5.0;
				TARGETED_DEVICE_FAMILY = "1,2";
			};
			name = Release;
		};
		29F99515240DFC490043F680 /* Debug */ = {
			isa = XCBuildConfiguration;
			buildSettings = {
				ALWAYS_EMBED_SWIFT_STANDARD_LIBRARIES = YES;
				BUNDLE_LOADER = "$(TEST_HOST)";
				CODE_SIGN_STYLE = Automatic;
				INFOPLIST_FILE = instaTests/Info.plist;
				IPHONEOS_DEPLOYMENT_TARGET = 13.2;
				LD_RUNPATH_SEARCH_PATHS = (
					"$(inherited)",
					"@executable_path/Frameworks",
					"@loader_path/Frameworks",
				);
				PRODUCT_BUNDLE_IDENTIFIER = com.marealle.instaTests;
				PRODUCT_NAME = "$(TARGET_NAME)";
				SWIFT_VERSION = 5.0;
				TARGETED_DEVICE_FAMILY = "1,2";
				TEST_HOST = "$(BUILT_PRODUCTS_DIR)/insta.app/insta";
			};
			name = Debug;
		};
		29F99516240DFC490043F680 /* Release */ = {
			isa = XCBuildConfiguration;
			buildSettings = {
				ALWAYS_EMBED_SWIFT_STANDARD_LIBRARIES = YES;
				BUNDLE_LOADER = "$(TEST_HOST)";
				CODE_SIGN_STYLE = Automatic;
				INFOPLIST_FILE = instaTests/Info.plist;
				IPHONEOS_DEPLOYMENT_TARGET = 13.2;
				LD_RUNPATH_SEARCH_PATHS = (
					"$(inherited)",
					"@executable_path/Frameworks",
					"@loader_path/Frameworks",
				);
				PRODUCT_BUNDLE_IDENTIFIER = com.marealle.instaTests;
				PRODUCT_NAME = "$(TARGET_NAME)";
				SWIFT_VERSION = 5.0;
				TARGETED_DEVICE_FAMILY = "1,2";
				TEST_HOST = "$(BUILT_PRODUCTS_DIR)/insta.app/insta";
			};
			name = Release;
		};
		29F99518240DFC490043F680 /* Debug */ = {
			isa = XCBuildConfiguration;
			buildSettings = {
				ALWAYS_EMBED_SWIFT_STANDARD_LIBRARIES = YES;
				CODE_SIGN_STYLE = Automatic;
				INFOPLIST_FILE = instaUITests/Info.plist;
				LD_RUNPATH_SEARCH_PATHS = (
					"$(inherited)",
					"@executable_path/Frameworks",
					"@loader_path/Frameworks",
				);
				PRODUCT_BUNDLE_IDENTIFIER = com.marealle.instaUITests;
				PRODUCT_NAME = "$(TARGET_NAME)";
				SWIFT_VERSION = 5.0;
				TARGETED_DEVICE_FAMILY = "1,2";
				TEST_TARGET_NAME = insta;
			};
			name = Debug;
		};
		29F99519240DFC490043F680 /* Release */ = {
			isa = XCBuildConfiguration;
			buildSettings = {
				ALWAYS_EMBED_SWIFT_STANDARD_LIBRARIES = YES;
				CODE_SIGN_STYLE = Automatic;
				INFOPLIST_FILE = instaUITests/Info.plist;
				LD_RUNPATH_SEARCH_PATHS = (
					"$(inherited)",
					"@executable_path/Frameworks",
					"@loader_path/Frameworks",
				);
				PRODUCT_BUNDLE_IDENTIFIER = com.marealle.instaUITests;
				PRODUCT_NAME = "$(TARGET_NAME)";
				SWIFT_VERSION = 5.0;
				TARGETED_DEVICE_FAMILY = "1,2";
				TEST_TARGET_NAME = insta;
			};
			name = Release;
		};
/* End XCBuildConfiguration section */

/* Begin XCConfigurationList section */
		29F994E2240DFC450043F680 /* Build configuration list for PBXProject "insta" */ = {
			isa = XCConfigurationList;
			buildConfigurations = (
				29F9950F240DFC490043F680 /* Debug */,
				29F99510240DFC490043F680 /* Release */,
			);
			defaultConfigurationIsVisible = 0;
			defaultConfigurationName = Release;
		};
		29F99511240DFC490043F680 /* Build configuration list for PBXNativeTarget "insta" */ = {
			isa = XCConfigurationList;
			buildConfigurations = (
				29F99512240DFC490043F680 /* Debug */,
				29F99513240DFC490043F680 /* Release */,
			);
			defaultConfigurationIsVisible = 0;
			defaultConfigurationName = Release;
		};
		29F99514240DFC490043F680 /* Build configuration list for PBXNativeTarget "instaTests" */ = {
			isa = XCConfigurationList;
			buildConfigurations = (
				29F99515240DFC490043F680 /* Debug */,
				29F99516240DFC490043F680 /* Release */,
			);
			defaultConfigurationIsVisible = 0;
			defaultConfigurationName = Release;
		};
		29F99517240DFC490043F680 /* Build configuration list for PBXNativeTarget "instaUITests" */ = {
			isa = XCConfigurationList;
			buildConfigurations = (
				29F99518240DFC490043F680 /* Debug */,
				29F99519240DFC490043F680 /* Release */,
			);
			defaultConfigurationIsVisible = 0;
			defaultConfigurationName = Release;
		};
/* End XCConfigurationList section */
	};
	rootObject = 29F994DF240DFC450043F680 /* Project object */;
}
